{
  "name": "css",
  "version": "1.0.0",
  "lockfileVersion": 3,
  "requires": true,
  "packages": {
    "": {
      "name": "css",
      "version": "1.0.0",
      "dependencies": {
        "aba-css": "^1.0.1"
      }
    },
    "node_modules/aba-css": {
      "version": "1.0.1",
      "resolved": "https://registry.npmjs.org/aba-css/-/aba-css-1.0.1.tgz",
      "integrity": "sha512-jn8qvWaggeGu+tMi5cBYzqiX15NtimbBmnqY4Ea1ikfik/IpMY/h45XMFaBLpzurQ0I768VtNFvtcL254fFlJg==",
      "license": "ISC"
    }
  }
}
